
Microsoft Visual Studio Solution File, Format Version 11.00
# Visual Basic Express 2010
Project("{F184B08F-C81C-45F6-A57F-5ABD9991F28F}") = "Gament Management Sytem", "Gament Management Sytem\Gament Management Sytem.vbproj", "{DCB41D59-FA07-421F-A25B-5255326F8C40}"
EndProject
Global
	GlobalSection(SolutionConfigurationPlatforms) = preSolution
		Debug|x86 = Debug|x86
		Release|x86 = Release|x86
	EndGlobalSection
	GlobalSection(ProjectConfigurationPlatforms) = postSolution
		{DCB41D59-FA07-421F-A25B-5255326F8C40}.Debug|x86.ActiveCfg = Debug|x86
		{DCB41D59-FA07-421F-A25B-5255326F8C40}.Debug|x86.Build.0 = Debug|x86
		{DCB41D59-FA07-421F-A25B-5255326F8C40}.Release|x86.ActiveCfg = Release|x86
		{DCB41D59-FA07-421F-A25B-5255326F8C40}.Release|x86.Build.0 = Release|x86
	EndGlobalSection
	GlobalSection(SolutionProperties) = preSolution
		HideSolutionNode = FALSE
	EndGlobalSection
EndGlobal
